
Microsoft Visual Studio Solution File, Format Version 12.00
Project("{FAE04EC0-301F-11D3-BF4B-00C04F79EFBC}") = "ApiLookupLib", "ApiLookupLib\ApiLookupLib.csproj", "{3091DECA-8ECA-415B-A4D4-1055774C6F5D}"
EndProject
Project("{FAE04EC0-301F-11D3-BF4B-00C04F79EFBC}") = "TemperatureApi", "TemperatureApi\TemperatureApi.csproj", "{87BD7F0D-72B8-4FC7-946A-2A8007798999}"
EndProject
Project("{FAE04EC0-301F-11D3-BF4B-00C04F79EFBC}") = "RunGame", "RunGame\RunGame.csproj", "{AA0A5254-1B31-4EB8-9F9B-A2A2A79FDAD2}"
EndProject
Project("{FAE04EC0-301F-11D3-BF4B-00C04F79EFBC}") = "TestingMod", "TestingMod\TestingMod.csproj", "{6C5F6906-3B42-4515-A950-393943AE1FA8}"
EndProject
Global
	GlobalSection(SolutionConfigurationPlatforms) = preSolution
		Debug|Any CPU = Debug|Any CPU
		Release|Any CPU = Release|Any CPU
	EndGlobalSection
	GlobalSection(ProjectConfigurationPlatforms) = postSolution
		{3091DECA-8ECA-415B-A4D4-1055774C6F5D}.Debug|Any CPU.ActiveCfg = Debug|Any CPU
		{3091DECA-8ECA-415B-A4D4-1055774C6F5D}.Debug|Any CPU.Build.0 = Debug|Any CPU
		{3091DECA-8ECA-415B-A4D4-1055774C6F5D}.Release|Any CPU.ActiveCfg = Release|Any CPU
		{3091DECA-8ECA-415B-A4D4-1055774C6F5D}.Release|Any CPU.Build.0 = Release|Any CPU
		{87BD7F0D-72B8-4FC7-946A-2A8007798999}.Debug|Any CPU.ActiveCfg = Debug|Any CPU
		{87BD7F0D-72B8-4FC7-946A-2A8007798999}.Debug|Any CPU.Build.0 = Debug|Any CPU
		{87BD7F0D-72B8-4FC7-946A-2A8007798999}.Release|Any CPU.ActiveCfg = Release|Any CPU
		{87BD7F0D-72B8-4FC7-946A-2A8007798999}.Release|Any CPU.Build.0 = Release|Any CPU
		{AA0A5254-1B31-4EB8-9F9B-A2A2A79FDAD2}.Debug|Any CPU.ActiveCfg = Debug|Any CPU
		{AA0A5254-1B31-4EB8-9F9B-A2A2A79FDAD2}.Debug|Any CPU.Build.0 = Debug|Any CPU
		{AA0A5254-1B31-4EB8-9F9B-A2A2A79FDAD2}.Release|Any CPU.ActiveCfg = Release|Any CPU
		{AA0A5254-1B31-4EB8-9F9B-A2A2A79FDAD2}.Release|Any CPU.Build.0 = Release|Any CPU
		{6C5F6906-3B42-4515-A950-393943AE1FA8}.Debug|Any CPU.ActiveCfg = Debug|Any CPU
		{6C5F6906-3B42-4515-A950-393943AE1FA8}.Debug|Any CPU.Build.0 = Debug|Any CPU
		{6C5F6906-3B42-4515-A950-393943AE1FA8}.Release|Any CPU.ActiveCfg = Release|Any CPU
		{6C5F6906-3B42-4515-A950-393943AE1FA8}.Release|Any CPU.Build.0 = Release|Any CPU
	EndGlobalSection
EndGlobal
